
Microsoft Visual Studio Solution File, Format Version 12.00
# Visual Studio Version 17
VisualStudioVersion = 17.6.33815.320
MinimumVisualStudioVersion = 10.0.40219.1
Project("{FAE04EC0-301F-11D3-BF4B-00C04F79EFBC}") = "DVLD_WinForm_PresentationLayer", "DVLD_WinForm_PresentationLayer.csproj", "{30B99466-115F-4AE0-8EAC-3A1008088357}"
EndProject
Project("{FAE04EC0-301F-11D3-BF4B-00C04F79EFBC}") = "DVLD_BussinessLayer", "..\DVLD_BussinessLayer\DVLD_BussinessLayer.csproj", "{BE148C1A-F12F-4986-BCAC-4E2E16A75CBA}"
EndProject
Project("{FAE04EC0-301F-11D3-BF4B-00C04F79EFBC}") = "DVLD_DataAccessLayer", "..\DVLD_DataAccessLayer\DVLD_DataAccessLayer.csproj", "{4EBF18DC-7BEB-4E78-8887-41F06DD1718A}"
EndProject
Global
	GlobalSection(SolutionConfigurationPlatforms) = preSolution
		Debug|Any CPU = Debug|Any CPU
		Release|Any CPU = Release|Any CPU
	EndGlobalSection
	GlobalSection(ProjectConfigurationPlatforms) = postSolution
		{30B99466-115F-4AE0-8EAC-3A1008088357}.Debug|Any CPU.ActiveCfg = Debug|Any CPU
		{30B99466-115F-4AE0-8EAC-3A1008088357}.Debug|Any CPU.Build.0 = Debug|Any CPU
		{30B99466-115F-4AE0-8EAC-3A1008088357}.Release|Any CPU.ActiveCfg = Release|Any CPU
		{30B99466-115F-4AE0-8EAC-3A1008088357}.Release|Any CPU.Build.0 = Release|Any CPU
		{BE148C1A-F12F-4986-BCAC-4E2E16A75CBA}.Debug|Any CPU.ActiveCfg = Debug|Any CPU
		{BE148C1A-F12F-4986-BCAC-4E2E16A75CBA}.Debug|Any CPU.Build.0 = Debug|Any CPU
		{BE148C1A-F12F-4986-BCAC-4E2E16A75CBA}.Release|Any CPU.ActiveCfg = Release|Any CPU
		{BE148C1A-F12F-4986-BCAC-4E2E16A75CBA}.Release|Any CPU.Build.0 = Release|Any CPU
		{4EBF18DC-7BEB-4E78-8887-41F06DD1718A}.Debug|Any CPU.ActiveCfg = Debug|Any CPU
		{4EBF18DC-7BEB-4E78-8887-41F06DD1718A}.Debug|Any CPU.Build.0 = Debug|Any CPU
		{4EBF18DC-7BEB-4E78-8887-41F06DD1718A}.Release|Any CPU.ActiveCfg = Release|Any CPU
		{4EBF18DC-7BEB-4E78-8887-41F06DD1718A}.Release|Any CPU.Build.0 = Release|Any CPU
	EndGlobalSection
	GlobalSection(SolutionProperties) = preSolution
		HideSolutionNode = FALSE
	EndGlobalSection
	GlobalSection(ExtensibilityGlobals) = postSolution
		SolutionGuid = {F30EAEBE-333B-4313-A683-AB5983563FCA}
	EndGlobalSection
EndGlobal
